
Microsoft Visual Studio Solution File, Format Version 12.00
# Visual Studio Version 17
VisualStudioVersion = 17.7.34031.279
MinimumVisualStudioVersion = 10.0.40219.1
Project("{FAE04EC0-301F-11D3-BF4B-00C04F79EFBC}") = "Test1", "Test1\Test1.csproj", "{52E5E309-4980-4A91-BA58-28C9D23F1469}"
EndProject
Global
	GlobalSection(SolutionConfigurationPlatforms) = preSolution
		Debug|Any CPU = Debug|Any CPU
		Release|Any CPU = Release|Any CPU
	EndGlobalSection
	GlobalSection(ProjectConfigurationPlatforms) = postSolution
		{52E5E309-4980-4A91-BA58-28C9D23F1469}.Debug|Any CPU.ActiveCfg = Debug|Any CPU
		{52E5E309-4980-4A91-BA58-28C9D23F1469}.Debug|Any CPU.Build.0 = Debug|Any CPU
		{52E5E309-4980-4A91-BA58-28C9D23F1469}.Release|Any CPU.ActiveCfg = Release|Any CPU
		{52E5E309-4980-4A91-BA58-28C9D23F1469}.Release|Any CPU.Build.0 = Release|Any CPU
	EndGlobalSection
	GlobalSection(SolutionProperties) = preSolution
		HideSolutionNode = FALSE
	EndGlobalSection
	GlobalSection(ExtensibilityGlobals) = postSolution
		SolutionGuid = {1D99333B-D6F3-4076-BA29-F41D462E705E}
	EndGlobalSection
EndGlobal
